%{
  "elixir_make": {:hex, :elixir_make, "0.7.7", "7128c60c2476019ed978210c245badf08b03dbec4f24d05790ef791da11aa17c", [:mix], [{:castore, "~> 0.1 or ~> 1.0", [hex: :castore, repo: "hexpm", optional: true]}], "hexpm", "5bc19fff950fad52bbe5f211b12db9ec82c6b34a9647da0c2224b8b8464c7e6c"},
  "eunit_formatters": {:hex, :eunit_formatters, "0.3.1", "7a6fc351eb5b873e2356b8852eb751e20c13a72fbca03393cf682b8483509573", [:rebar3], [], "hexpm", "64a40741429b7aff149c605d5a6135a48046af394a7282074e6003b3b56ae931"},
  "foobar": {:git, "https://github.com/dantswain/mix_eunit.git", "2de69eb7c17807c146f997cf416f3161f4c4b0e6", [branch: "master"]},
  "mix_eunit": {:git, "https://github.com/dantswain/mix_eunit.git", "2de69eb7c17807c146f997cf416f3161f4c4b0e6", [branch: "master"]},
}
